
Microsoft Visual Studio Solution File, Format Version 12.00
# Visual Studio Version 16
VisualStudioVersion = 16.0.29201.188
MinimumVisualStudioVersion = 10.0.40219.1
Project("{FAE04EC0-301F-11D3-BF4B-00C04F79EFBC}") = "dotnetProfile", "dotnetProfile.csproj", "{CC52D34D-0FC9-418C-A33A-ABE33E945C3B}"
EndProject
Global
	GlobalSection(SolutionConfigurationPlatforms) = preSolution
		Debug|Any CPU = Debug|Any CPU
		Release|Any CPU = Release|Any CPU
	EndGlobalSection
	GlobalSection(ProjectConfigurationPlatforms) = postSolution
		{CC52D34D-0FC9-418C-A33A-ABE33E945C3B}.Debug|Any CPU.ActiveCfg = Debug|Any CPU
		{CC52D34D-0FC9-418C-A33A-ABE33E945C3B}.Debug|Any CPU.Build.0 = Debug|Any CPU
		{CC52D34D-0FC9-418C-A33A-ABE33E945C3B}.Release|Any CPU.ActiveCfg = Release|Any CPU
		{CC52D34D-0FC9-418C-A33A-ABE33E945C3B}.Release|Any CPU.Build.0 = Release|Any CPU
	EndGlobalSection
	GlobalSection(SolutionProperties) = preSolution
		HideSolutionNode = FALSE
	EndGlobalSection
	GlobalSection(ExtensibilityGlobals) = postSolution
		SolutionGuid = {C8544558-439D-4BDA-9C0D-2B2D1E750482}
	EndGlobalSection
EndGlobal
